
Microsoft Visual Studio Solution File, Format Version 12.00
# Visual Studio Version 17
VisualStudioVersion = 17.6.33815.320
MinimumVisualStudioVersion = 10.0.40219.1
Project("{FAE04EC0-301F-11D3-BF4B-00C04F79EFBC}") = "ePrj3Me", "ePrj3Me\ePrj3Me.csproj", "{7A1FE344-7564-4276-868E-81111C37E315}"
EndProject
Global
	GlobalSection(SolutionConfigurationPlatforms) = preSolution
		Debug|Any CPU = Debug|Any CPU
		Release|Any CPU = Release|Any CPU
	EndGlobalSection
	GlobalSection(ProjectConfigurationPlatforms) = postSolution
		{7A1FE344-7564-4276-868E-81111C37E315}.Debug|Any CPU.ActiveCfg = Debug|Any CPU
		{7A1FE344-7564-4276-868E-81111C37E315}.Debug|Any CPU.Build.0 = Debug|Any CPU
		{7A1FE344-7564-4276-868E-81111C37E315}.Release|Any CPU.ActiveCfg = Release|Any CPU
		{7A1FE344-7564-4276-868E-81111C37E315}.Release|Any CPU.Build.0 = Release|Any CPU
	EndGlobalSection
	GlobalSection(SolutionProperties) = preSolution
		HideSolutionNode = FALSE
	EndGlobalSection
	GlobalSection(ExtensibilityGlobals) = postSolution
		SolutionGuid = {8BFAD6F0-01BE-446B-997E-88347E1F6DFC}
	EndGlobalSection
EndGlobal
